// !$*UTF8*$!
{
	archiveVersion = 1;
	classes = {
	};
	objectVersion = 48;
	objects = {

/* Begin PBXBuildFile section */
		4322C4EE20783935005885BA /* AppDelegate.swift in Sources */ = {isa = PBXBuildFile; fileRef = 4322C4ED20783935005885BA /* AppDelegate.swift */; };
		4322C4F020783935005885BA /* ViewController.swift in Sources */ = {isa = PBXBuildFile; fileRef = 4322C4EF20783935005885BA /* ViewController.swift */; };
		4322C4F320783935005885BA /* Main.storyboard in Resources */ = {isa = PBXBuildFile; fileRef = 4322C4F120783935005885BA /* Main.storyboard */; };
		4322C4F520783935005885BA /* Assets.xcassets in Resources */ = {isa = PBXBuildFile; fileRef = 4322C4F420783935005885BA /* Assets.xcassets */; };
		4322C4F820783935005885BA /* LaunchScreen.storyboard in Resources */ = {isa = PBXBuildFile; fileRef = 4322C4F620783935005885BA /* LaunchScreen.storyboard */; };
		A767229E2092F5310055B407 /* RGB-color-model.jpg in Resources */ = {isa = PBXBuildFile; fileRef = A767229D2092F5310055B407 /* RGB-color-model.jpg */; };
		A7A76EEE20D05F8800F89643 /* Info.plist in Resources */ = {isa = PBXBuildFile; fileRef = 4322C4F920783935005885BA /* Info.plist */; };
/* End PBXBuildFile section */

/* Begin PBXFileReference section */
		4322C4EA20783935005885BA /* Que cor é essa?.app */ = {isa = PBXFileReference; explicitFileType = wrapper.application; includeInIndex = 0; path = "Que cor é essa?.app"; sourceTree = BUILT_PRODUCTS_DIR; };
		4322C4ED20783935005885BA /* AppDelegate.swift */ = {isa = PBXFileReference; lastKnownFileType = sourcecode.swift; path = AppDelegate.swift; sourceTree = "<group>"; };
		4322C4EF20783935005885BA /* ViewController.swift */ = {isa = PBXFileReference; lastKnownFileType = sourcecode.swift; path = ViewController.swift; sourceTree = "<group>"; };
		4322C4F220783935005885BA /* Base */ = {isa = PBXFileReference; lastKnownFileType = file.storyboard; name = Base; path = Base.lproj/Main.storyboard; sourceTree = "<group>"; };
		4322C4F420783935005885BA /* Assets.xcassets */ = {isa = PBXFileReference; lastKnownFileType = folder.assetcatalog; path = Assets.xcassets; sourceTree = "<group>"; };
		4322C4F720783935005885BA /* Base */ = {isa = PBXFileReference; lastKnownFileType = file.storyboard; name = Base; path = Base.lproj/LaunchScreen.storyboard; sourceTree = "<group>"; };
		4322C4F920783935005885BA /* Info.plist */ = {isa = PBXFileReference; lastKnownFileType = text.plist.xml; path = Info.plist; sourceTree = "<group>"; };
		A767229D2092F5310055B407 /* RGB-color-model.jpg */ = {isa = PBXFileReference; lastKnownFileType = image.jpeg; path = "RGB-color-model.jpg"; sourceTree = "<group>"; };
/* End PBXFileReference section */

/* Begin PBXFrameworksBuildPhase section */
		4322C4E720783935005885BA /* Frameworks */ = {
			isa = PBXFrameworksBuildPhase;
			buildActionMask = 2147483647;
			files = (
			);
			runOnlyForDeploymentPostprocessing = 0;
		};
/* End PBXFrameworksBuildPhase section */

/* Begin PBXGroup section */
		4322C4E120783935005885BA = {
			isa = PBXGroup;
			children = (
				4322C4EC20783935005885BA /* RGB color Slider */,
				4322C4EB20783935005885BA /* Products */,
			);
			sourceTree = "<group>";
		};
		4322C4EB20783935005885BA /* Products */ = {
			isa = PBXGroup;
			children = (
				4322C4EA20783935005885BA /* Que cor é essa?.app */,
			);
			name = Products;
			sourceTree = "<group>";
		};
		4322C4EC20783935005885BA /* RGB color Slider */ = {
			isa = PBXGroup;
			children = (
				4322C4ED20783935005885BA /* AppDelegate.swift */,
				4322C4EF20783935005885BA /* ViewController.swift */,
				4322C4F120783935005885BA /* Main.storyboard */,
				4322C4F420783935005885BA /* Assets.xcassets */,
				4322C4F620783935005885BA /* LaunchScreen.storyboard */,
				4322C4F920783935005885BA /* Info.plist */,
				A767229D2092F5310055B407 /* RGB-color-model.jpg */,
			);
			path = "RGB color Slider";
			sourceTree = "<group>";
		};
/* End PBXGroup section */

/* Begin PBXNativeTarget section */
		4322C4E920783935005885BA /* RGB color Slider */ = {
			isa = PBXNativeTarget;
			buildConfigurationList = 4322C4FC20783935005885BA /* Build configuration list for PBXNativeTarget "RGB color Slider" */;
			buildPhases = (
				4322C4E620783935005885BA /* Sources */,
				4322C4E720783935005885BA /* Frameworks */,
				4322C4E820783935005885BA /* Resources */,
			);
			buildRules = (
			);
			dependencies = (
			);
			name = "RGB color Slider";
			productName = "RGB color Slider";
			productReference = 4322C4EA20783935005885BA /* Que cor é essa?.app */;
			productType = "com.apple.product-type.application";
		};
/* End PBXNativeTarget section */

/* Begin PBXProject section */
		4322C4E220783935005885BA /* Project object */ = {
			isa = PBXProject;
			attributes = {
				LastSwiftUpdateCheck = 0910;
				LastUpgradeCheck = 0930;
				ORGANIZATIONNAME = Erick;
				TargetAttributes = {
					4322C4E920783935005885BA = {
						CreatedOnToolsVersion = 9.1;
						ProvisioningStyle = Automatic;
					};
				};
			};
			buildConfigurationList = 4322C4E520783935005885BA /* Build configuration list for PBXProject "RGB color Slider" */;
			compatibilityVersion = "Xcode 8.0";
			developmentRegion = en;
			hasScannedForEncodings = 0;
			knownRegions = (
				en,
				Base,
			);
			mainGroup = 4322C4E120783935005885BA;
			productRefGroup = 4322C4EB20783935005885BA /* Products */;
			projectDirPath = "";
			projectRoot = "";
			targets = (
				4322C4E920783935005885BA /* RGB color Slider */,
			);
		};
/* End PBXProject section */

/* Begin PBXResourcesBuildPhase section */
		4322C4E820783935005885BA /* Resources */ = {
			isa = PBXResourcesBuildPhase;
			buildActionMask = 2147483647;
			files = (
				4322C4F820783935005885BA /* LaunchScreen.storyboard in Resources */,
				4322C4F520783935005885BA /* Assets.xcassets in Resources */,
				4322C4F320783935005885BA /* Main.storyboard in Resources */,
				A7A76EEE20D05F8800F89643 /* Info.plist in Resources */,
				A767229E2092F5310055B407 /* RGB-color-model.jpg in Resources */,
			);
			runOnlyForDeploymentPostprocessing = 0;
		};
/* End PBXResourcesBuildPhase section */

/* Begin PBXSourcesBuildPhase section */
		4322C4E620783935005885BA /* Sources */ = {
			isa = PBXSourcesBuildPhase;
			buildActionMask = 2147483647;
			files = (
				4322C4F020783935005885BA /* ViewController.swift in Sources */,
				4322C4EE20783935005885BA /* AppDelegate.swift in Sources */,
			);
			runOnlyForDeploymentPostprocessing = 0;
		};
/* End PBXSourcesBuildPhase section */

/* Begin PBXVariantGroup section */
		4322C4F120783935005885BA /* Main.storyboard */ = {
			isa = PBXVariantGroup;
			children = (
				4322C4F220783935005885BA /* Base */,
			);
			name = Main.storyboard;
			sourceTree = "<group>";
		};
		4322C4F620783935005885BA /* LaunchScreen.storyboard */ = {
			isa = PBXVariantGroup;
			children = (
				4322C4F720783935005885BA /* Base */,
			);
			name = LaunchScreen.storyboard;
			sourceTree = "<group>";
		};
/* End PBXVariantGroup section */

/* Begin XCBuildConfiguration section */
		4322C4FA20783935005885BA /* Debug */ = {
			isa = XCBuildConfiguration;
			buildSettings = {
				ALWAYS_SEARCH_USER_PATHS = NO;
				CLANG_ANALYZER_NONNULL = YES;
				CLANG_ANALYZER_NUMBER_OBJECT_CONVERSION = YES_AGGRESSIVE;
				CLANG_CXX_LANGUAGE_STANDARD = "gnu++14";
				CLANG_CXX_LIBRARY = "libc++";
				CLANG_ENABLE_MODULES = YES;
				CLANG_ENABLE_OBJC_ARC = YES;
				CLANG_WARN_BLOCK_CAPTURE_AUTORELEASING = YES;
				CLANG_WARN_BOOL_CONVERSION = YES;
				CLANG_WARN_COMMA = YES;
				CLANG_WARN_CONSTANT_CONVERSION = YES;
				CLANG_WARN_DEPRECATED_OBJC_IMPLEMENTATIONS = YES;
				CLANG_WARN_DIRECT_OBJC_ISA_USAGE = YES_ERROR;
				CLANG_WARN_DOCUMENTATION_COMMENTS = YES;
				CLANG_WARN_EMPTY_BODY = YES;
				CLANG_WARN_ENUM_CONVERSION = YES;
				CLANG_WARN_INFINITE_RECURSION = YES;
				CLANG_WARN_INT_CONVERSION = YES;
				CLANG_WARN_NON_LITERAL_NULL_CONVERSION = YES;
				CLANG_WARN_OBJC_IMPLICIT_RETAIN_SELF = YES;
				CLANG_WARN_OBJC_LITERAL_CONVERSION = YES;
				CLANG_WARN_OBJC_ROOT_CLASS = YES_ERROR;
				CLANG_WARN_RANGE_LOOP_ANALYSIS = YES;
				CLANG_WARN_STRICT_PROTOTYPES = YES;
				CLANG_WARN_SUSPICIOUS_MOVE = YES;
				CLANG_WARN_UNGUARDED_AVAILABILITY = YES_AGGRESSIVE;
				CLANG_WARN_UNREACHABLE_CODE = YES;
				CLANG_WARN__DUPLICATE_METHOD_MATCH = YES;
				CODE_SIGN_IDENTITY = "iPhone Developer";
				COPY_PHASE_STRIP = NO;
				DEBUG_INFORMATION_FORMAT = dwarf;
				ENABLE_STRICT_OBJC_MSGSEND = YES;
				ENABLE_TESTABILITY = YES;
				GCC_C_LANGUAGE_STANDARD = gnu11;
				GCC_DYNAMIC_NO_PIC = NO;
				GCC_NO_COMMON_BLOCKS = YES;
				GCC_OPTIMIZATION_LEVEL = 0;
				GCC_PREPROCESSOR_DEFINITIONS = (
					"DEBUG=1",
					"$(inherited)",
				);
				GCC_WARN_64_TO_32_BIT_CONVERSION = YES;
				GCC_WARN_ABOUT_RETURN_TYPE = YES_ERROR;
				GCC_WARN_UNDECLARED_SELECTOR = YES;
				GCC_WARN_UNINITIALIZED_AUTOS = YES_AGGRESSIVE;
				GCC_WARN_UNUSED_FUNCTION = YES;
				GCC_WARN_UNUSED_VARIABLE = YES;
				IPHONEOS_DEPLOYMENT_TARGET = 11.3;
				MTL_ENABLE_DEBUG_INFO = YES;
				ONLY_ACTIVE_ARCH = YES;
				SDKROOT = iphoneos;
				SWIFT_ACTIVE_COMPILATION_CONDITIONS = DEBUG;
				SWIFT_OPTIMIZATION_LEVEL = "-Onone";
			};
			name = Debug;
		};
		4322C4FB20783935005885BA /* Release */ = {
			isa = XCBuildConfiguration;
			buildSettings = {
				ALWAYS_SEARCH_USER_PATHS = NO;
				CLANG_ANALYZER_NONNULL = YES;
				CLANG_ANALYZER_NUMBER_OBJECT_CONVERSION = YES_AGGRESSIVE;
				CLANG_CXX_LANGUAGE_STANDARD = "gnu++14";
				CLANG_CXX_LIBRARY = "libc++";
				CLANG_ENABLE_MODULES = YES;
				CLANG_ENABLE_OBJC_ARC = YES;
				CLANG_WARN_BLOCK_CAPTURE_AUTORELEASING = YES;
				CLANG_WARN_BOOL_CONVERSION = YES;
				CLANG_WARN_COMMA = YES;
				CLANG_WARN_CONSTANT_CONVERSION = YES;
				CLANG_WARN_DEPRECATED_OBJC_IMPLEMENTATIONS = YES;
				CLANG_WARN_DIRECT_OBJC_ISA_USAGE = YES_ERROR;
				CLANG_WARN_DOCUMENTATION_COMMENTS = YES;
				CLANG_WARN_EMPTY_BODY = YES;
				CLANG_WARN_ENUM_CONVERSION = YES;
				CLANG_WARN_INFINITE_RECURSION = YES;
				CLANG_WARN_INT_CONVERSION = YES;
				CLANG_WARN_NON_LITERAL_NULL_CONVERSION = YES;
				CLANG_WARN_OBJC_IMPLICIT_RETAIN_SELF = YES;
				CLANG_WARN_OBJC_LITERAL_CONVERSION = YES;
				CLANG_WARN_OBJC_ROOT_CLASS = YES_ERROR;
				CLANG_WARN_RANGE_LOOP_ANALYSIS = YES;
				CLANG_WARN_STRICT_PROTOTYPES = YES;
				CLANG_WARN_SUSPICIOUS_MOVE = YES;
				CLANG_WARN_UNGUARDED_AVAILABILITY = YES_AGGRESSIVE;
				CLANG_WARN_UNREACHABLE_CODE = YES;
				CLANG_WARN__DUPLICATE_METHOD_MATCH = YES;
				CODE_SIGN_IDENTITY = "iPhone Developer";
				COPY_PHASE_STRIP = NO;
				DEBUG_INFORMATION_FORMAT = "dwarf-with-dsym";
				ENABLE_NS_ASSERTIONS = NO;
				ENABLE_STRICT_OBJC_MSGSEND = YES;
				GCC_C_LANGUAGE_STANDARD = gnu11;
				GCC_NO_COMMON_BLOCKS = YES;
				GCC_WARN_64_TO_32_BIT_CONVERSION = YES;
				GCC_WARN_ABOUT_RETURN_TYPE = YES_ERROR;
				GCC_WARN_UNDECLARED_SELECTOR = YES;
				GCC_WARN_UNINITIALIZED_AUTOS = YES_AGGRESSIVE;
				GCC_WARN_UNUSED_FUNCTION = YES;
				GCC_WARN_UNUSED_VARIABLE = YES;
				IPHONEOS_DEPLOYMENT_TARGET = 11.3;
				MTL_ENABLE_DEBUG_INFO = NO;
				SDKROOT = iphoneos;
				SWIFT_OPTIMIZATION_LEVEL = "-Owholemodule";
				VALIDATE_PRODUCT = YES;
			};
			name = Release;
		};
		4322C4FD20783935005885BA /* Debug */ = {
			isa = XCBuildConfiguration;
			buildSettings = {
				ASSETCATALOG_COMPILER_APPICON_NAME = AppIcon;
				CODE_SIGN_STYLE = Automatic;
				DEVELOPMENT_TEAM = CPH3P2RQS6;
				INFOPLIST_FILE = "RGB color Slider/Info.plist";
				IPHONEOS_DEPLOYMENT_TARGET = 11.3;
				LD_RUNPATH_SEARCH_PATHS = "$(inherited) @executable_path/Frameworks";
				PRODUCT_BUNDLE_IDENTIFIER = com.Costasilva.RGBrefeito;
				PRODUCT_NAME = "Que cor é essa?";
				SWIFT_VERSION = 4.0;
				TARGETED_DEVICE_FAMILY = 1;
			};
			name = Debug;
		};
		4322C4FE20783935005885BA /* Release */ = {
			isa = XCBuildConfiguration;
			buildSettings = {
				ASSETCATALOG_COMPILER_APPICON_NAME = AppIcon;
				CODE_SIGN_STYLE = Automatic;
				DEVELOPMENT_TEAM = CPH3P2RQS6;
				INFOPLIST_FILE = "RGB color Slider/Info.plist";
				IPHONEOS_DEPLOYMENT_TARGET = 11.3;
				LD_RUNPATH_SEARCH_PATHS = "$(inherited) @executable_path/Frameworks";
				PRODUCT_BUNDLE_IDENTIFIER = com.Costasilva.RGBrefeito;
				PRODUCT_NAME = "Que cor é essa?";
				SWIFT_VERSION = 4.0;
				TARGETED_DEVICE_FAMILY = 1;
			};
			name = Release;
		};
/* End XCBuildConfiguration section */

/* Begin XCConfigurationList section */
		4322C4E520783935005885BA /* Build configuration list for PBXProject "RGB color Slider" */ = {
			isa = XCConfigurationList;
			buildConfigurations = (
				4322C4FA20783935005885BA /* Debug */,
				4322C4FB20783935005885BA /* Release */,
			);
			defaultConfigurationIsVisible = 0;
			defaultConfigurationName = Release;
		};
		4322C4FC20783935005885BA /* Build configuration list for PBXNativeTarget "RGB color Slider" */ = {
			isa = XCConfigurationList;
			buildConfigurations = (
				4322C4FD20783935005885BA /* Debug */,
				4322C4FE20783935005885BA /* Release */,
			);
			defaultConfigurationIsVisible = 0;
			defaultConfigurationName = Release;
		};
/* End XCConfigurationList section */
	};
	rootObject = 4322C4E220783935005885BA /* Project object */;
}
